// !$*UTF8*$!
{
	archiveVersion = 1;
	classes = {
	};
	objectVersion = 51;
	objects = {

/* Begin PBXBuildFile section */
		42048D5225689187005CAA2B /* UIViewController+Alerts.swift in Sources */ = {isa = PBXBuildFile; fileRef = 42048D5125689187005CAA2B /* UIViewController+Alerts.swift */; };
		42048D5825689A42005CAA2B /* ImageUploadService.swift in Sources */ = {isa = PBXBuildFile; fileRef = 42048D5725689A42005CAA2B /* ImageUploadService.swift */; };
		42048DCF2568B343005CAA2B /* OfferListCell.swift in Sources */ = {isa = PBXBuildFile; fileRef = 42048DCE2568B343005CAA2B /* OfferListCell.swift */; };
		4215D3F2256879B500B7E51E /* AppDelegate.swift in Sources */ = {isa = PBXBuildFile; fileRef = 4215D3F1256879B500B7E51E /* AppDelegate.swift */; };
		4215D3F4256879B500B7E51E /* SceneDelegate.swift in Sources */ = {isa = PBXBuildFile; fileRef = 4215D3F3256879B500B7E51E /* SceneDelegate.swift */; };
		4215D3F6256879B500B7E51E /* ViewController.swift in Sources */ = {isa = PBXBuildFile; fileRef = 4215D3F5256879B500B7E51E /* ViewController.swift */; };
		4215D3F9256879B500B7E51E /* Main.storyboard in Resources */ = {isa = PBXBuildFile; fileRef = 4215D3F7256879B500B7E51E /* Main.storyboard */; };
		4215D3FB256879B800B7E51E /* Assets.xcassets in Resources */ = {isa = PBXBuildFile; fileRef = 4215D3FA256879B800B7E51E /* Assets.xcassets */; };
		4215D3FE256879B800B7E51E /* LaunchScreen.storyboard in Resources */ = {isa = PBXBuildFile; fileRef = 4215D3FC256879B800B7E51E /* LaunchScreen.storyboard */; };
		4299B72225687C29007123B1 /* Order.swift in Sources */ = {isa = PBXBuildFile; fileRef = 4299B72125687C29007123B1 /* Order.swift */; };
		4299B72625687C6C007123B1 /* Merchant.swift in Sources */ = {isa = PBXBuildFile; fileRef = 4299B72525687C6C007123B1 /* Merchant.swift */; };
		4299B72A25687CD9007123B1 /* Offer.swift in Sources */ = {isa = PBXBuildFile; fileRef = 4299B72925687CD9007123B1 /* Offer.swift */; };
		4299B72D25687D04007123B1 /* User.swift in Sources */ = {isa = PBXBuildFile; fileRef = 4299B72C25687D04007123B1 /* User.swift */; };
		4299B73125687F03007123B1 /* GoogleService-Info.plist in Resources */ = {isa = PBXBuildFile; fileRef = 4299B73025687F03007123B1 /* GoogleService-Info.plist */; };
		42C3D13C2568B47400C5BE7E /* OffersFetcher.swift in Sources */ = {isa = PBXBuildFile; fileRef = 42C3D13B2568B47400C5BE7E /* OffersFetcher.swift */; };
		42C3D13F2568C28700C5BE7E /* OffersDataSource.swift in Sources */ = {isa = PBXBuildFile; fileRef = 42C3D13E2568C28700C5BE7E /* OffersDataSource.swift */; };
		42C3D1432568C3F200C5BE7E /* SearchOffersViewController.swift in Sources */ = {isa = PBXBuildFile; fileRef = 42C3D1422568C3F200C5BE7E /* SearchOffersViewController.swift */; };
		42D2BBA52568889B0090D14D /* AddOfferViewController.swift in Sources */ = {isa = PBXBuildFile; fileRef = 42D2BBA42568889B0090D14D /* AddOfferViewController.swift */; };
		601733C826BE9B88BB12EF90 /* Pods_LocalStars.framework in Frameworks */ = {isa = PBXBuildFile; fileRef = F910CEC53A46073986F2402D /* Pods_LocalStars.framework */; };
		8A31DE6E256887D8004E67A4 /* NewMerchantForm.swift in Sources */ = {isa = PBXBuildFile; fileRef = 8A31DE6D256887D8004E67A4 /* NewMerchantForm.swift */; };
		8AE6035B2568912600983FAB /* OffersListViewController.swift in Sources */ = {isa = PBXBuildFile; fileRef = 8AE6035A2568912600983FAB /* OffersListViewController.swift */; };
		8AE6036225689B0100983FAB /* CategoriesViewController.swift in Sources */ = {isa = PBXBuildFile; fileRef = 8AE6036125689B0100983FAB /* CategoriesViewController.swift */; };
		8AE6036925689E7000983FAB /* CategoryCollectionViewCell.swift in Sources */ = {isa = PBXBuildFile; fileRef = 8AE6036825689E7000983FAB /* CategoryCollectionViewCell.swift */; };
		8AE6036D2568A3B500983FAB /* Utils.swift in Sources */ = {isa = PBXBuildFile; fileRef = 8AE6036C2568A3B500983FAB /* Utils.swift */; };
/* End PBXBuildFile section */

/* Begin PBXFileReference section */
		33CE190545B6B59BC40466BE /* Pods-LocalStars.release.xcconfig */ = {isa = PBXFileReference; includeInIndex = 1; lastKnownFileType = text.xcconfig; name = "Pods-LocalStars.release.xcconfig"; path = "Target Support Files/Pods-LocalStars/Pods-LocalStars.release.xcconfig"; sourceTree = "<group>"; };
		42048D5125689187005CAA2B /* UIViewController+Alerts.swift */ = {isa = PBXFileReference; lastKnownFileType = sourcecode.swift; path = "UIViewController+Alerts.swift"; sourceTree = "<group>"; };
		42048D5725689A42005CAA2B /* ImageUploadService.swift */ = {isa = PBXFileReference; lastKnownFileType = sourcecode.swift; path = ImageUploadService.swift; sourceTree = "<group>"; };
		42048DCE2568B343005CAA2B /* OfferListCell.swift */ = {isa = PBXFileReference; lastKnownFileType = sourcecode.swift; path = OfferListCell.swift; sourceTree = "<group>"; };
		4215D3EE256879B500B7E51E /* LocalStars.app */ = {isa = PBXFileReference; explicitFileType = wrapper.application; includeInIndex = 0; path = LocalStars.app; sourceTree = BUILT_PRODUCTS_DIR; };
		4215D3F1256879B500B7E51E /* AppDelegate.swift */ = {isa = PBXFileReference; lastKnownFileType = sourcecode.swift; path = AppDelegate.swift; sourceTree = "<group>"; };
		4215D3F3256879B500B7E51E /* SceneDelegate.swift */ = {isa = PBXFileReference; lastKnownFileType = sourcecode.swift; path = SceneDelegate.swift; sourceTree = "<group>"; };
		4215D3F5256879B500B7E51E /* ViewController.swift */ = {isa = PBXFileReference; lastKnownFileType = sourcecode.swift; path = ViewController.swift; sourceTree = "<group>"; };
		4215D3F8256879B500B7E51E /* Base */ = {isa = PBXFileReference; lastKnownFileType = file.storyboard; name = Base; path = Base.lproj/Main.storyboard; sourceTree = "<group>"; };
		4215D3FA256879B800B7E51E /* Assets.xcassets */ = {isa = PBXFileReference; lastKnownFileType = folder.assetcatalog; path = Assets.xcassets; sourceTree = "<group>"; };
		4215D3FD256879B800B7E51E /* Base */ = {isa = PBXFileReference; lastKnownFileType = file.storyboard; name = Base; path = Base.lproj/LaunchScreen.storyboard; sourceTree = "<group>"; };
		4215D3FF256879B800B7E51E /* Info.plist */ = {isa = PBXFileReference; lastKnownFileType = text.plist.xml; path = Info.plist; sourceTree = "<group>"; };
		4299B72125687C29007123B1 /* Order.swift */ = {isa = PBXFileReference; lastKnownFileType = sourcecode.swift; path = Order.swift; sourceTree = "<group>"; };
		4299B72525687C6C007123B1 /* Merchant.swift */ = {isa = PBXFileReference; lastKnownFileType = sourcecode.swift; path = Merchant.swift; sourceTree = "<group>"; };
		4299B72925687CD9007123B1 /* Offer.swift */ = {isa = PBXFileReference; lastKnownFileType = sourcecode.swift; path = Offer.swift; sourceTree = "<group>"; };
		4299B72C25687D04007123B1 /* User.swift */ = {isa = PBXFileReference; lastKnownFileType = sourcecode.swift; path = User.swift; sourceTree = "<group>"; };
		4299B73025687F03007123B1 /* GoogleService-Info.plist */ = {isa = PBXFileReference; fileEncoding = 4; lastKnownFileType = text.plist.xml; path = "GoogleService-Info.plist"; sourceTree = "<group>"; };
		42C3D13B2568B47400C5BE7E /* OffersFetcher.swift */ = {isa = PBXFileReference; lastKnownFileType = sourcecode.swift; path = OffersFetcher.swift; sourceTree = "<group>"; };
		42C3D13E2568C28700C5BE7E /* OffersDataSource.swift */ = {isa = PBXFileReference; lastKnownFileType = sourcecode.swift; path = OffersDataSource.swift; sourceTree = "<group>"; };
		42C3D1422568C3F200C5BE7E /* SearchOffersViewController.swift */ = {isa = PBXFileReference; lastKnownFileType = sourcecode.swift; path = SearchOffersViewController.swift; sourceTree = "<group>"; };
		42D2BBA42568889B0090D14D /* AddOfferViewController.swift */ = {isa = PBXFileReference; lastKnownFileType = sourcecode.swift; path = AddOfferViewController.swift; sourceTree = "<group>"; };
		8A31DE6D256887D8004E67A4 /* NewMerchantForm.swift */ = {isa = PBXFileReference; lastKnownFileType = sourcecode.swift; path = NewMerchantForm.swift; sourceTree = "<group>"; };
		8AE6035A2568912600983FAB /* OffersListViewController.swift */ = {isa = PBXFileReference; lastKnownFileType = sourcecode.swift; path = OffersListViewController.swift; sourceTree = "<group>"; };
		8AE6036125689B0100983FAB /* CategoriesViewController.swift */ = {isa = PBXFileReference; lastKnownFileType = sourcecode.swift; path = CategoriesViewController.swift; sourceTree = "<group>"; };
		8AE6036825689E7000983FAB /* CategoryCollectionViewCell.swift */ = {isa = PBXFileReference; lastKnownFileType = sourcecode.swift; path = CategoryCollectionViewCell.swift; sourceTree = "<group>"; };
		8AE6036C2568A3B500983FAB /* Utils.swift */ = {isa = PBXFileReference; lastKnownFileType = sourcecode.swift; path = Utils.swift; sourceTree = "<group>"; };
		A3969082FF406B65F932E377 /* Pods-LocalStars.debug.xcconfig */ = {isa = PBXFileReference; includeInIndex = 1; lastKnownFileType = text.xcconfig; name = "Pods-LocalStars.debug.xcconfig"; path = "Target Support Files/Pods-LocalStars/Pods-LocalStars.debug.xcconfig"; sourceTree = "<group>"; };
		F910CEC53A46073986F2402D /* Pods_LocalStars.framework */ = {isa = PBXFileReference; explicitFileType = wrapper.framework; includeInIndex = 0; path = Pods_LocalStars.framework; sourceTree = BUILT_PRODUCTS_DIR; };
/* End PBXFileReference section */

/* Begin PBXFrameworksBuildPhase section */
		4215D3EB256879B500B7E51E /* Frameworks */ = {
			isa = PBXFrameworksBuildPhase;
			buildActionMask = 2147483647;
			files = (
				601733C826BE9B88BB12EF90 /* Pods_LocalStars.framework in Frameworks */,
			);
			runOnlyForDeploymentPostprocessing = 0;
		};
/* End PBXFrameworksBuildPhase section */

/* Begin PBXGroup section */
		0CAE82D8EF3116FCA20A1DC3 /* Pods */ = {
			isa = PBXGroup;
			children = (
				A3969082FF406B65F932E377 /* Pods-LocalStars.debug.xcconfig */,
				33CE190545B6B59BC40466BE /* Pods-LocalStars.release.xcconfig */,
			);
			path = Pods;
			sourceTree = "<group>";
		};
		42048D502568917C005CAA2B /* Extensions */ = {
			isa = PBXGroup;
			children = (
				42048D5125689187005CAA2B /* UIViewController+Alerts.swift */,
			);
			path = Extensions;
			sourceTree = "<group>";
		};
		42048D5625689A33005CAA2B /* Images */ = {
			isa = PBXGroup;
			children = (
				42048D5725689A42005CAA2B /* ImageUploadService.swift */,
			);
			path = Images;
			sourceTree = "<group>";
		};
		4215D3E5256879B500B7E51E = {
			isa = PBXGroup;
			children = (
				4215D3F0256879B500B7E51E /* LocalStars */,
				4299B72F25687EF1007123B1 /* Resources */,
				4215D3EF256879B500B7E51E /* Products */,
				0CAE82D8EF3116FCA20A1DC3 /* Pods */,
				CBDEF8645AD9E77614EBEA78 /* Frameworks */,
			);
			sourceTree = "<group>";
		};
		4215D3EF256879B500B7E51E /* Products */ = {
			isa = PBXGroup;
			children = (
				4215D3EE256879B500B7E51E /* LocalStars.app */,
			);
			name = Products;
			sourceTree = "<group>";
		};
		4215D3F0256879B500B7E51E /* LocalStars */ = {
			isa = PBXGroup;
			children = (
				42048D5625689A33005CAA2B /* Images */,
				4215D3F7256879B500B7E51E /* Main.storyboard */,
				8A31DE5425687F3E004E67A4 /* View controllers */,
				4299B72025687C22007123B1 /* Model */,
				4215D3F1256879B500B7E51E /* AppDelegate.swift */,
				4215D3F3256879B500B7E51E /* SceneDelegate.swift */,
				4215D3FA256879B800B7E51E /* Assets.xcassets */,
				4215D3FC256879B800B7E51E /* LaunchScreen.storyboard */,
				4215D3FF256879B800B7E51E /* Info.plist */,
				8AE6036C2568A3B500983FAB /* Utils.swift */,
			);
			path = LocalStars;
			sourceTree = "<group>";
		};
		4299B72025687C22007123B1 /* Model */ = {
			isa = PBXGroup;
			children = (
				4299B72125687C29007123B1 /* Order.swift */,
				4299B72525687C6C007123B1 /* Merchant.swift */,
				4299B72925687CD9007123B1 /* Offer.swift */,
				4299B72C25687D04007123B1 /* User.swift */,
			);
			path = Model;
			sourceTree = "<group>";
		};
		4299B72F25687EF1007123B1 /* Resources */ = {
			isa = PBXGroup;
			children = (
				4299B73025687F03007123B1 /* GoogleService-Info.plist */,
			);
			path = Resources;
			sourceTree = "<group>";
		};
		42C3D1412568C3E500C5BE7E /* Search */ = {
			isa = PBXGroup;
			children = (
				42C3D1422568C3F200C5BE7E /* SearchOffersViewController.swift */,
			);
			path = Search;
			sourceTree = "<group>";
		};
		42D2BBA32568888F0090D14D /* Offer view controller */ = {
			isa = PBXGroup;
			children = (
				42D2BBA42568889B0090D14D /* AddOfferViewController.swift */,
			);
			path = "Offer view controller";
			sourceTree = "<group>";
		};
		8A31DE5425687F3E004E67A4 /* View controllers */ = {
			isa = PBXGroup;
			children = (
				8AE6035F25689AE000983FAB /* Offers */,
				42048D502568917C005CAA2B /* Extensions */,
				8A31DE5525687F44004E67A4 /* Start view controller */,
				42D2BBA32568888F0090D14D /* Offer view controller */,
				8A31DE6B256887AD004E67A4 /* Merchant  */,
			);
			path = "View controllers";
			sourceTree = "<group>";
		};
		8A31DE5525687F44004E67A4 /* Start view controller */ = {
			isa = PBXGroup;
			children = (
				4215D3F5256879B500B7E51E /* ViewController.swift */,
			);
			path = "Start view controller";
			sourceTree = "<group>";
		};
		8A31DE6B256887AD004E67A4 /* Merchant  */ = {
			isa = PBXGroup;
			children = (
				8A31DE6C256887C9004E67A4 /* Onboarding */,
			);
			path = "Merchant ";
			sourceTree = "<group>";
		};
		8A31DE6C256887C9004E67A4 /* Onboarding */ = {
			isa = PBXGroup;
			children = (
				8A31DE6D256887D8004E67A4 /* NewMerchantForm.swift */,
			);
			path = Onboarding;
			sourceTree = "<group>";
		};
		8AE60359256890FB00983FAB /* Offers List */ = {
			isa = PBXGroup;
			children = (
				8AE6035A2568912600983FAB /* OffersListViewController.swift */,
				42048DCE2568B343005CAA2B /* OfferListCell.swift */,
			);
			path = "Offers List";
			sourceTree = "<group>";
		};
		8AE6035F25689AE000983FAB /* Offers */ = {
			isa = PBXGroup;
			children = (
				42C3D1412568C3E500C5BE7E /* Search */,
				8AE6036025689AF000983FAB /* Categories */,
				8AE60359256890FB00983FAB /* Offers List */,
				42C3D13B2568B47400C5BE7E /* OffersFetcher.swift */,
				42C3D13E2568C28700C5BE7E /* OffersDataSource.swift */,
			);
			path = Offers;
			sourceTree = "<group>";
		};
		8AE6036025689AF000983FAB /* Categories */ = {
			isa = PBXGroup;
			children = (
				8AE6036125689B0100983FAB /* CategoriesViewController.swift */,
				8AE6036825689E7000983FAB /* CategoryCollectionViewCell.swift */,
			);
			path = Categories;
			sourceTree = "<group>";
		};
		CBDEF8645AD9E77614EBEA78 /* Frameworks */ = {
			isa = PBXGroup;
			children = (
				F910CEC53A46073986F2402D /* Pods_LocalStars.framework */,
			);
			name = Frameworks;
			sourceTree = "<group>";
		};
/* End PBXGroup section */

/* Begin PBXNativeTarget section */
		4215D3ED256879B500B7E51E /* LocalStars */ = {
			isa = PBXNativeTarget;
			buildConfigurationList = 4215D402256879B800B7E51E /* Build configuration list for PBXNativeTarget "LocalStars" */;
			buildPhases = (
				9D0F064895CF42085F363618 /* [CP] Check Pods Manifest.lock */,
				4215D3EA256879B500B7E51E /* Sources */,
				4215D3EB256879B500B7E51E /* Frameworks */,
				4215D3EC256879B500B7E51E /* Resources */,
				390D0C82ABC9EC1E7D179815 /* [CP] Embed Pods Frameworks */,
			);
			buildRules = (
			);
			dependencies = (
			);
			name = LocalStars;
			productName = LocalStars;
			productReference = 4215D3EE256879B500B7E51E /* LocalStars.app */;
			productType = "com.apple.product-type.application";
		};
/* End PBXNativeTarget section */

/* Begin PBXProject section */
		4215D3E6256879B500B7E51E /* Project object */ = {
			isa = PBXProject;
			attributes = {
				LastSwiftUpdateCheck = 1220;
				LastUpgradeCheck = 1220;
				TargetAttributes = {
					4215D3ED256879B500B7E51E = {
						CreatedOnToolsVersion = 12.2;
					};
				};
			};
			buildConfigurationList = 4215D3E9256879B500B7E51E /* Build configuration list for PBXProject "LocalStars" */;
			compatibilityVersion = "Xcode 9.3";
			developmentRegion = en;
			hasScannedForEncodings = 0;
			knownRegions = (
				en,
				Base,
			);
			mainGroup = 4215D3E5256879B500B7E51E;
			productRefGroup = 4215D3EF256879B500B7E51E /* Products */;
			projectDirPath = "";
			projectRoot = "";
			targets = (
				4215D3ED256879B500B7E51E /* LocalStars */,
			);
		};
/* End PBXProject section */

/* Begin PBXResourcesBuildPhase section */
		4215D3EC256879B500B7E51E /* Resources */ = {
			isa = PBXResourcesBuildPhase;
			buildActionMask = 2147483647;
			files = (
				4215D3FE256879B800B7E51E /* LaunchScreen.storyboard in Resources */,
				4299B73125687F03007123B1 /* GoogleService-Info.plist in Resources */,
				4215D3FB256879B800B7E51E /* Assets.xcassets in Resources */,
				4215D3F9256879B500B7E51E /* Main.storyboard in Resources */,
			);
			runOnlyForDeploymentPostprocessing = 0;
		};
/* End PBXResourcesBuildPhase section */

/* Begin PBXShellScriptBuildPhase section */
		390D0C82ABC9EC1E7D179815 /* [CP] Embed Pods Frameworks */ = {
			isa = PBXShellScriptBuildPhase;
			buildActionMask = 2147483647;
			files = (
			);
			inputFileListPaths = (
				"${PODS_ROOT}/Target Support Files/Pods-LocalStars/Pods-LocalStars-frameworks-${CONFIGURATION}-input-files.xcfilelist",
			);
			name = "[CP] Embed Pods Frameworks";
			outputFileListPaths = (
				"${PODS_ROOT}/Target Support Files/Pods-LocalStars/Pods-LocalStars-frameworks-${CONFIGURATION}-output-files.xcfilelist",
			);
			runOnlyForDeploymentPostprocessing = 0;
			shellPath = /bin/sh;
			shellScript = "\"${PODS_ROOT}/Target Support Files/Pods-LocalStars/Pods-LocalStars-frameworks.sh\"\n";
			showEnvVarsInLog = 0;
		};
		9D0F064895CF42085F363618 /* [CP] Check Pods Manifest.lock */ = {
			isa = PBXShellScriptBuildPhase;
			buildActionMask = 2147483647;
			files = (
			);
			inputFileListPaths = (
			);
			inputPaths = (
				"${PODS_PODFILE_DIR_PATH}/Podfile.lock",
				"${PODS_ROOT}/Manifest.lock",
			);
			name = "[CP] Check Pods Manifest.lock";
			outputFileListPaths = (
			);
			outputPaths = (
				"$(DERIVED_FILE_DIR)/Pods-LocalStars-checkManifestLockResult.txt",
			);
			runOnlyForDeploymentPostprocessing = 0;
			shellPath = /bin/sh;
			shellScript = "diff \"${PODS_PODFILE_DIR_PATH}/Podfile.lock\" \"${PODS_ROOT}/Manifest.lock\" > /dev/null\nif [ $? != 0 ] ; then\n    # print error to STDERR\n    echo \"error: The sandbox is not in sync with the Podfile.lock. Run 'pod install' or update your CocoaPods installation.\" >&2\n    exit 1\nfi\n# This output is used by Xcode 'outputs' to avoid re-running this script phase.\necho \"SUCCESS\" > \"${SCRIPT_OUTPUT_FILE_0}\"\n";
			showEnvVarsInLog = 0;
		};
/* End PBXShellScriptBuildPhase section */

/* Begin PBXSourcesBuildPhase section */
		4215D3EA256879B500B7E51E /* Sources */ = {
			isa = PBXSourcesBuildPhase;
			buildActionMask = 2147483647;
			files = (
				8A31DE6E256887D8004E67A4 /* NewMerchantForm.swift in Sources */,
				4299B72A25687CD9007123B1 /* Offer.swift in Sources */,
				8AE6036225689B0100983FAB /* CategoriesViewController.swift in Sources */,
				42C3D13F2568C28700C5BE7E /* OffersDataSource.swift in Sources */,
				8AE6036D2568A3B500983FAB /* Utils.swift in Sources */,
				4299B72225687C29007123B1 /* Order.swift in Sources */,
				42048D5225689187005CAA2B /* UIViewController+Alerts.swift in Sources */,
				4215D3F6256879B500B7E51E /* ViewController.swift in Sources */,
				8AE6036925689E7000983FAB /* CategoryCollectionViewCell.swift in Sources */,
				4215D3F2256879B500B7E51E /* AppDelegate.swift in Sources */,
				4215D3F4256879B500B7E51E /* SceneDelegate.swift in Sources */,
				42C3D1432568C3F200C5BE7E /* SearchOffersViewController.swift in Sources */,
				42D2BBA52568889B0090D14D /* AddOfferViewController.swift in Sources */,
				42C3D13C2568B47400C5BE7E /* OffersFetcher.swift in Sources */,
				42048D5825689A42005CAA2B /* ImageUploadService.swift in Sources */,
				42048DCF2568B343005CAA2B /* OfferListCell.swift in Sources */,
				8AE6035B2568912600983FAB /* OffersListViewController.swift in Sources */,
				4299B72625687C6C007123B1 /* Merchant.swift in Sources */,
				4299B72D25687D04007123B1 /* User.swift in Sources */,
			);
			runOnlyForDeploymentPostprocessing = 0;
		};
/* End PBXSourcesBuildPhase section */

/* Begin PBXVariantGroup section */
		4215D3F7256879B500B7E51E /* Main.storyboard */ = {
			isa = PBXVariantGroup;
			children = (
				4215D3F8256879B500B7E51E /* Base */,
			);
			name = Main.storyboard;
			sourceTree = "<group>";
		};
		4215D3FC256879B800B7E51E /* LaunchScreen.storyboard */ = {
			isa = PBXVariantGroup;
			children = (
				4215D3FD256879B800B7E51E /* Base */,
			);
			name = LaunchScreen.storyboard;
			sourceTree = "<group>";
		};
/* End PBXVariantGroup section */

/* Begin XCBuildConfiguration section */
		4215D400256879B800B7E51E /* Debug */ = {
			isa = XCBuildConfiguration;
			buildSettings = {
				ALWAYS_SEARCH_USER_PATHS = NO;
				CLANG_ANALYZER_NONNULL = YES;
				CLANG_ANALYZER_NUMBER_OBJECT_CONVERSION = YES_AGGRESSIVE;
				CLANG_CXX_LANGUAGE_STANDARD = "gnu++14";
				CLANG_CXX_LIBRARY = "libc++";
				CLANG_ENABLE_MODULES = YES;
				CLANG_ENABLE_OBJC_ARC = YES;
				CLANG_ENABLE_OBJC_WEAK = YES;
				CLANG_WARN_BLOCK_CAPTURE_AUTORELEASING = YES;
				CLANG_WARN_BOOL_CONVERSION = YES;
				CLANG_WARN_COMMA = YES;
				CLANG_WARN_CONSTANT_CONVERSION = YES;
				CLANG_WARN_DEPRECATED_OBJC_IMPLEMENTATIONS = YES;
				CLANG_WARN_DIRECT_OBJC_ISA_USAGE = YES_ERROR;
				CLANG_WARN_DOCUMENTATION_COMMENTS = YES;
				CLANG_WARN_EMPTY_BODY = YES;
				CLANG_WARN_ENUM_CONVERSION = YES;
				CLANG_WARN_INFINITE_RECURSION = YES;
				CLANG_WARN_INT_CONVERSION = YES;
				CLANG_WARN_NON_LITERAL_NULL_CONVERSION = YES;
				CLANG_WARN_OBJC_IMPLICIT_RETAIN_SELF = YES;
				CLANG_WARN_OBJC_LITERAL_CONVERSION = YES;
				CLANG_WARN_OBJC_ROOT_CLASS = YES_ERROR;
				CLANG_WARN_QUOTED_INCLUDE_IN_FRAMEWORK_HEADER = YES;
				CLANG_WARN_RANGE_LOOP_ANALYSIS = YES;
				CLANG_WARN_STRICT_PROTOTYPES = YES;
				CLANG_WARN_SUSPICIOUS_MOVE = YES;
				CLANG_WARN_UNGUARDED_AVAILABILITY = YES_AGGRESSIVE;
				CLANG_WARN_UNREACHABLE_CODE = YES;
				CLANG_WARN__DUPLICATE_METHOD_MATCH = YES;
				COPY_PHASE_STRIP = NO;
				DEBUG_INFORMATION_FORMAT = dwarf;
				ENABLE_STRICT_OBJC_MSGSEND = YES;
				ENABLE_TESTABILITY = YES;
				GCC_C_LANGUAGE_STANDARD = gnu11;
				GCC_DYNAMIC_NO_PIC = NO;
				GCC_NO_COMMON_BLOCKS = YES;
				GCC_OPTIMIZATION_LEVEL = 0;
				GCC_PREPROCESSOR_DEFINITIONS = (
					"DEBUG=1",
					"$(inherited)",
				);
				GCC_WARN_64_TO_32_BIT_CONVERSION = YES;
				GCC_WARN_ABOUT_RETURN_TYPE = YES_ERROR;
				GCC_WARN_UNDECLARED_SELECTOR = YES;
				GCC_WARN_UNINITIALIZED_AUTOS = YES_AGGRESSIVE;
				GCC_WARN_UNUSED_FUNCTION = YES;
				GCC_WARN_UNUSED_VARIABLE = YES;
				IPHONEOS_DEPLOYMENT_TARGET = 14.2;
				MTL_ENABLE_DEBUG_INFO = INCLUDE_SOURCE;
				MTL_FAST_MATH = YES;
				ONLY_ACTIVE_ARCH = YES;
				SDKROOT = iphoneos;
				SWIFT_ACTIVE_COMPILATION_CONDITIONS = DEBUG;
				SWIFT_OPTIMIZATION_LEVEL = "-Onone";
			};
			name = Debug;
		};
		4215D401256879B800B7E51E /* Release */ = {
			isa = XCBuildConfiguration;
			buildSettings = {
				ALWAYS_SEARCH_USER_PATHS = NO;
				CLANG_ANALYZER_NONNULL = YES;
				CLANG_ANALYZER_NUMBER_OBJECT_CONVERSION = YES_AGGRESSIVE;
				CLANG_CXX_LANGUAGE_STANDARD = "gnu++14";
				CLANG_CXX_LIBRARY = "libc++";
				CLANG_ENABLE_MODULES = YES;
				CLANG_ENABLE_OBJC_ARC = YES;
				CLANG_ENABLE_OBJC_WEAK = YES;
				CLANG_WARN_BLOCK_CAPTURE_AUTORELEASING = YES;
				CLANG_WARN_BOOL_CONVERSION = YES;
				CLANG_WARN_COMMA = YES;
				CLANG_WARN_CONSTANT_CONVERSION = YES;
				CLANG_WARN_DEPRECATED_OBJC_IMPLEMENTATIONS = YES;
				CLANG_WARN_DIRECT_OBJC_ISA_USAGE = YES_ERROR;
				CLANG_WARN_DOCUMENTATION_COMMENTS = YES;
				CLANG_WARN_EMPTY_BODY = YES;
				CLANG_WARN_ENUM_CONVERSION = YES;
				CLANG_WARN_INFINITE_RECURSION = YES;
				CLANG_WARN_INT_CONVERSION = YES;
				CLANG_WARN_NON_LITERAL_NULL_CONVERSION = YES;
				CLANG_WARN_OBJC_IMPLICIT_RETAIN_SELF = YES;
				CLANG_WARN_OBJC_LITERAL_CONVERSION = YES;
				CLANG_WARN_OBJC_ROOT_CLASS = YES_ERROR;
				CLANG_WARN_QUOTED_INCLUDE_IN_FRAMEWORK_HEADER = YES;
				CLANG_WARN_RANGE_LOOP_ANALYSIS = YES;
				CLANG_WARN_STRICT_PROTOTYPES = YES;
				CLANG_WARN_SUSPICIOUS_MOVE = YES;
				CLANG_WARN_UNGUARDED_AVAILABILITY = YES_AGGRESSIVE;
				CLANG_WARN_UNREACHABLE_CODE = YES;
				CLANG_WARN__DUPLICATE_METHOD_MATCH = YES;
				COPY_PHASE_STRIP = NO;
				DEBUG_INFORMATION_FORMAT = "dwarf-with-dsym";
				ENABLE_NS_ASSERTIONS = NO;
				ENABLE_STRICT_OBJC_MSGSEND = YES;
				GCC_C_LANGUAGE_STANDARD = gnu11;
				GCC_NO_COMMON_BLOCKS = YES;
				GCC_WARN_64_TO_32_BIT_CONVERSION = YES;
				GCC_WARN_ABOUT_RETURN_TYPE = YES_ERROR;
				GCC_WARN_UNDECLARED_SELECTOR = YES;
				GCC_WARN_UNINITIALIZED_AUTOS = YES_AGGRESSIVE;
				GCC_WARN_UNUSED_FUNCTION = YES;
				GCC_WARN_UNUSED_VARIABLE = YES;
				IPHONEOS_DEPLOYMENT_TARGET = 14.2;
				MTL_ENABLE_DEBUG_INFO = NO;
				MTL_FAST_MATH = YES;
				SDKROOT = iphoneos;
				SWIFT_COMPILATION_MODE = wholemodule;
				SWIFT_OPTIMIZATION_LEVEL = "-O";
				VALIDATE_PRODUCT = YES;
			};
			name = Release;
		};
		4215D403256879B800B7E51E /* Debug */ = {
			isa = XCBuildConfiguration;
			baseConfigurationReference = A3969082FF406B65F932E377 /* Pods-LocalStars.debug.xcconfig */;
			buildSettings = {
				ASSETCATALOG_COMPILER_APPICON_NAME = AppIcon;
				ASSETCATALOG_COMPILER_GLOBAL_ACCENT_COLOR_NAME = AccentColor;
				CODE_SIGN_STYLE = Automatic;
				DEVELOPMENT_TEAM = 7Y9F89EYX5;
				INFOPLIST_FILE = LocalStars/Info.plist;
				IPHONEOS_DEPLOYMENT_TARGET = 14.0;
				LD_RUNPATH_SEARCH_PATHS = (
					"$(inherited)",
					"@executable_path/Frameworks",
				);
				PRODUCT_BUNDLE_IDENTIFIER = io.initpartners.localStars;
				PRODUCT_NAME = "$(TARGET_NAME)";
				SWIFT_VERSION = 5.0;
				TARGETED_DEVICE_FAMILY = "1,2";
			};
			name = Debug;
		};
		4215D404256879B800B7E51E /* Release */ = {
			isa = XCBuildConfiguration;
			baseConfigurationReference = 33CE190545B6B59BC40466BE /* Pods-LocalStars.release.xcconfig */;
			buildSettings = {
				ASSETCATALOG_COMPILER_APPICON_NAME = AppIcon;
				ASSETCATALOG_COMPILER_GLOBAL_ACCENT_COLOR_NAME = AccentColor;
				CODE_SIGN_STYLE = Automatic;
				DEVELOPMENT_TEAM = RWMVSQEEJA;
				INFOPLIST_FILE = LocalStars/Info.plist;
				IPHONEOS_DEPLOYMENT_TARGET = 14.0;
				LD_RUNPATH_SEARCH_PATHS = (
					"$(inherited)",
					"@executable_path/Frameworks",
				);
				PRODUCT_BUNDLE_IDENTIFIER = io.initpartners.localStars;
				PRODUCT_NAME = "$(TARGET_NAME)";
				SWIFT_VERSION = 5.0;
				TARGETED_DEVICE_FAMILY = "1,2";
			};
			name = Release;
		};
/* End XCBuildConfiguration section */

/* Begin XCConfigurationList section */
		4215D3E9256879B500B7E51E /* Build configuration list for PBXProject "LocalStars" */ = {
			isa = XCConfigurationList;
			buildConfigurations = (
				4215D400256879B800B7E51E /* Debug */,
				4215D401256879B800B7E51E /* Release */,
			);
			defaultConfigurationIsVisible = 0;
			defaultConfigurationName = Release;
		};
		4215D402256879B800B7E51E /* Build configuration list for PBXNativeTarget "LocalStars" */ = {
			isa = XCConfigurationList;
			buildConfigurations = (
				4215D403256879B800B7E51E /* Debug */,
				4215D404256879B800B7E51E /* Release */,
			);
			defaultConfigurationIsVisible = 0;
			defaultConfigurationName = Release;
		};
/* End XCConfigurationList section */
	};
	rootObject = 4215D3E6256879B500B7E51E /* Project object */;
}
